// !$*UTF8*$!
{
	archiveVersion = 1;
	classes = {
	};
	objectVersion = 56;
	objects = {

/* Begin PBXBuildFile section */
		C1DB58FE2A0C225100197E80 /* Test_Driven_Development_in_iOS_Using_SwiftApp.swift in Sources */ = {isa = PBXBuildFile; fileRef = C1DB58FD2A0C225100197E80 /* Test_Driven_Development_in_iOS_Using_SwiftApp.swift */; };
		C1DB59002A0C225100197E80 /* ContentView.swift in Sources */ = {isa = PBXBuildFile; fileRef = C1DB58FF2A0C225100197E80 /* ContentView.swift */; };
		C1DB59022A0C225100197E80 /* Assets.xcassets in Resources */ = {isa = PBXBuildFile; fileRef = C1DB59012A0C225100197E80 /* Assets.xcassets */; };
		C1DB59052A0C225100197E80 /* Preview Assets.xcassets in Resources */ = {isa = PBXBuildFile; fileRef = C1DB59042A0C225100197E80 /* Preview Assets.xcassets */; };
		C1DB590F2A0C225100197E80 /* Test_Driven_Development_in_iOS_Using_SwiftTests.swift in Sources */ = {isa = PBXBuildFile; fileRef = C1DB590E2A0C225100197E80 /* Test_Driven_Development_in_iOS_Using_SwiftTests.swift */; };
		C1DB59192A0C225200197E80 /* Test_Driven_Development_in_iOS_Using_SwiftUITests.swift in Sources */ = {isa = PBXBuildFile; fileRef = C1DB59182A0C225200197E80 /* Test_Driven_Development_in_iOS_Using_SwiftUITests.swift */; };
		C1DB591B2A0C225200197E80 /* Test_Driven_Development_in_iOS_Using_SwiftUITestsLaunchTests.swift in Sources */ = {isa = PBXBuildFile; fileRef = C1DB591A2A0C225200197E80 /* Test_Driven_Development_in_iOS_Using_SwiftUITestsLaunchTests.swift */; };
/* End PBXBuildFile section */

/* Begin PBXContainerItemProxy section */
		C1DB590B2A0C225100197E80 /* PBXContainerItemProxy */ = {
			isa = PBXContainerItemProxy;
			containerPortal = C1DB58F22A0C225100197E80 /* Project object */;
			proxyType = 1;
			remoteGlobalIDString = C1DB58F92A0C225100197E80;
			remoteInfo = "Test Driven Development in iOS Using Swift";
		};
		C1DB59152A0C225200197E80 /* PBXContainerItemProxy */ = {
			isa = PBXContainerItemProxy;
			containerPortal = C1DB58F22A0C225100197E80 /* Project object */;
			proxyType = 1;
			remoteGlobalIDString = C1DB58F92A0C225100197E80;
			remoteInfo = "Test Driven Development in iOS Using Swift";
		};
/* End PBXContainerItemProxy section */

/* Begin PBXFileReference section */
		C1DB58FA2A0C225100197E80 /* Test Driven Development in iOS Using Swift.app */ = {isa = PBXFileReference; explicitFileType = wrapper.application; includeInIndex = 0; path = "Test Driven Development in iOS Using Swift.app"; sourceTree = BUILT_PRODUCTS_DIR; };
		C1DB58FD2A0C225100197E80 /* Test_Driven_Development_in_iOS_Using_SwiftApp.swift */ = {isa = PBXFileReference; lastKnownFileType = sourcecode.swift; path = Test_Driven_Development_in_iOS_Using_SwiftApp.swift; sourceTree = "<group>"; };
		C1DB58FF2A0C225100197E80 /* ContentView.swift */ = {isa = PBXFileReference; lastKnownFileType = sourcecode.swift; path = ContentView.swift; sourceTree = "<group>"; };
		C1DB59012A0C225100197E80 /* Assets.xcassets */ = {isa = PBXFileReference; lastKnownFileType = folder.assetcatalog; path = Assets.xcassets; sourceTree = "<group>"; };
		C1DB59042A0C225100197E80 /* Preview Assets.xcassets */ = {isa = PBXFileReference; lastKnownFileType = folder.assetcatalog; path = "Preview Assets.xcassets"; sourceTree = "<group>"; };
		C1DB590A2A0C225100197E80 /* Test Driven Development in iOS Using SwiftTests.xctest */ = {isa = PBXFileReference; explicitFileType = wrapper.cfbundle; includeInIndex = 0; path = "Test Driven Development in iOS Using SwiftTests.xctest"; sourceTree = BUILT_PRODUCTS_DIR; };
		C1DB590E2A0C225100197E80 /* Test_Driven_Development_in_iOS_Using_SwiftTests.swift */ = {isa = PBXFileReference; lastKnownFileType = sourcecode.swift; path = Test_Driven_Development_in_iOS_Using_SwiftTests.swift; sourceTree = "<group>"; };
		C1DB59142A0C225200197E80 /* Test Driven Development in iOS Using SwiftUITests.xctest */ = {isa = PBXFileReference; explicitFileType = wrapper.cfbundle; includeInIndex = 0; path = "Test Driven Development in iOS Using SwiftUITests.xctest"; sourceTree = BUILT_PRODUCTS_DIR; };
		C1DB59182A0C225200197E80 /* Test_Driven_Development_in_iOS_Using_SwiftUITests.swift */ = {isa = PBXFileReference; lastKnownFileType = sourcecode.swift; path = Test_Driven_Development_in_iOS_Using_SwiftUITests.swift; sourceTree = "<group>"; };
		C1DB591A2A0C225200197E80 /* Test_Driven_Development_in_iOS_Using_SwiftUITestsLaunchTests.swift */ = {isa = PBXFileReference; lastKnownFileType = sourcecode.swift; path = Test_Driven_Development_in_iOS_Using_SwiftUITestsLaunchTests.swift; sourceTree = "<group>"; };
/* End PBXFileReference section */

/* Begin PBXFrameworksBuildPhase section */
		C1DB58F72A0C225100197E80 /* Frameworks */ = {
			isa = PBXFrameworksBuildPhase;
			buildActionMask = 2147483647;
			files = (
			);
			runOnlyForDeploymentPostprocessing = 0;
		};
		C1DB59072A0C225100197E80 /* Frameworks */ = {
			isa = PBXFrameworksBuildPhase;
			buildActionMask = 2147483647;
			files = (
			);
			runOnlyForDeploymentPostprocessing = 0;
		};
		C1DB59112A0C225200197E80 /* Frameworks */ = {
			isa = PBXFrameworksBuildPhase;
			buildActionMask = 2147483647;
			files = (
			);
			runOnlyForDeploymentPostprocessing = 0;
		};
/* End PBXFrameworksBuildPhase section */

/* Begin PBXGroup section */
		C1DB58F12A0C225100197E80 = {
			isa = PBXGroup;
			children = (
				C1DB58FC2A0C225100197E80 /* Test Driven Development in iOS Using Swift */,
				C1DB590D2A0C225100197E80 /* Test Driven Development in iOS Using SwiftTests */,
				C1DB59172A0C225200197E80 /* Test Driven Development in iOS Using SwiftUITests */,
				C1DB58FB2A0C225100197E80 /* Products */,
			);
			sourceTree = "<group>";
		};
		C1DB58FB2A0C225100197E80 /* Products */ = {
			isa = PBXGroup;
			children = (
				C1DB58FA2A0C225100197E80 /* Test Driven Development in iOS Using Swift.app */,
				C1DB590A2A0C225100197E80 /* Test Driven Development in iOS Using SwiftTests.xctest */,
				C1DB59142A0C225200197E80 /* Test Driven Development in iOS Using SwiftUITests.xctest */,
			);
			name = Products;
			sourceTree = "<group>";
		};
		C1DB58FC2A0C225100197E80 /* Test Driven Development in iOS Using Swift */ = {
			isa = PBXGroup;
			children = (
				C1DB58FD2A0C225100197E80 /* Test_Driven_Development_in_iOS_Using_SwiftApp.swift */,
				C1DB58FF2A0C225100197E80 /* ContentView.swift */,
				C1DB59012A0C225100197E80 /* Assets.xcassets */,
				C1DB59032A0C225100197E80 /* Preview Content */,
			);
			path = "Test Driven Development in iOS Using Swift";
			sourceTree = "<group>";
		};
		C1DB59032A0C225100197E80 /* Preview Content */ = {
			isa = PBXGroup;
			children = (
				C1DB59042A0C225100197E80 /* Preview Assets.xcassets */,
			);
			path = "Preview Content";
			sourceTree = "<group>";
		};
		C1DB590D2A0C225100197E80 /* Test Driven Development in iOS Using SwiftTests */ = {
			isa = PBXGroup;
			children = (
				C1DB590E2A0C225100197E80 /* Test_Driven_Development_in_iOS_Using_SwiftTests.swift */,
			);
			path = "Test Driven Development in iOS Using SwiftTests";
			sourceTree = "<group>";
		};
		C1DB59172A0C225200197E80 /* Test Driven Development in iOS Using SwiftUITests */ = {
			isa = PBXGroup;
			children = (
				C1DB59182A0C225200197E80 /* Test_Driven_Development_in_iOS_Using_SwiftUITests.swift */,
				C1DB591A2A0C225200197E80 /* Test_Driven_Development_in_iOS_Using_SwiftUITestsLaunchTests.swift */,
			);
			path = "Test Driven Development in iOS Using SwiftUITests";
			sourceTree = "<group>";
		};
/* End PBXGroup section */

/* Begin PBXNativeTarget section */
		C1DB58F92A0C225100197E80 /* Test Driven Development in iOS Using Swift */ = {
			isa = PBXNativeTarget;
			buildConfigurationList = C1DB591E2A0C225200197E80 /* Build configuration list for PBXNativeTarget "Test Driven Development in iOS Using Swift" */;
			buildPhases = (
				C1DB58F62A0C225100197E80 /* Sources */,
				C1DB58F72A0C225100197E80 /* Frameworks */,
				C1DB58F82A0C225100197E80 /* Resources */,
			);
			buildRules = (
			);
			dependencies = (
			);
			name = "Test Driven Development in iOS Using Swift";
			productName = "Test Driven Development in iOS Using Swift";
			productReference = C1DB58FA2A0C225100197E80 /* Test Driven Development in iOS Using Swift.app */;
			productType = "com.apple.product-type.application";
		};
		C1DB59092A0C225100197E80 /* Test Driven Development in iOS Using SwiftTests */ = {
			isa = PBXNativeTarget;
			buildConfigurationList = C1DB59212A0C225200197E80 /* Build configuration list for PBXNativeTarget "Test Driven Development in iOS Using SwiftTests" */;
			buildPhases = (
				C1DB59062A0C225100197E80 /* Sources */,
				C1DB59072A0C225100197E80 /* Frameworks */,
				C1DB59082A0C225100197E80 /* Resources */,
			);
			buildRules = (
			);
			dependencies = (
				C1DB590C2A0C225100197E80 /* PBXTargetDependency */,
			);
			name = "Test Driven Development in iOS Using SwiftTests";
			productName = "Test Driven Development in iOS Using SwiftTests";
			productReference = C1DB590A2A0C225100197E80 /* Test Driven Development in iOS Using SwiftTests.xctest */;
			productType = "com.apple.product-type.bundle.unit-test";
		};
		C1DB59132A0C225200197E80 /* Test Driven Development in iOS Using SwiftUITests */ = {
			isa = PBXNativeTarget;
			buildConfigurationList = C1DB59242A0C225200197E80 /* Build configuration list for PBXNativeTarget "Test Driven Development in iOS Using SwiftUITests" */;
			buildPhases = (
				C1DB59102A0C225200197E80 /* Sources */,
				C1DB59112A0C225200197E80 /* Frameworks */,
				C1DB59122A0C225200197E80 /* Resources */,
			);
			buildRules = (
			);
			dependencies = (
				C1DB59162A0C225200197E80 /* PBXTargetDependency */,
			);
			name = "Test Driven Development in iOS Using SwiftUITests";
			productName = "Test Driven Development in iOS Using SwiftUITests";
			productReference = C1DB59142A0C225200197E80 /* Test Driven Development in iOS Using SwiftUITests.xctest */;
			productType = "com.apple.product-type.bundle.ui-testing";
		};
/* End PBXNativeTarget section */

/* Begin PBXProject section */
		C1DB58F22A0C225100197E80 /* Project object */ = {
			isa = PBXProject;
			attributes = {
				BuildIndependentTargetsInParallel = 1;
				LastSwiftUpdateCheck = 1430;
				LastUpgradeCheck = 1430;
				TargetAttributes = {
					C1DB58F92A0C225100197E80 = {
						CreatedOnToolsVersion = 14.3;
					};
					C1DB59092A0C225100197E80 = {
						CreatedOnToolsVersion = 14.3;
						TestTargetID = C1DB58F92A0C225100197E80;
					};
					C1DB59132A0C225200197E80 = {
						CreatedOnToolsVersion = 14.3;
						TestTargetID = C1DB58F92A0C225100197E80;
					};
				};
			};
			buildConfigurationList = C1DB58F52A0C225100197E80 /* Build configuration list for PBXProject "Test Driven Development in iOS Using Swift" */;
			compatibilityVersion = "Xcode 14.0";
			developmentRegion = en;
			hasScannedForEncodings = 0;
			knownRegions = (
				en,
				Base,
			);
			mainGroup = C1DB58F12A0C225100197E80;
			productRefGroup = C1DB58FB2A0C225100197E80 /* Products */;
			projectDirPath = "";
			projectRoot = "";
			targets = (
				C1DB58F92A0C225100197E80 /* Test Driven Development in iOS Using Swift */,
				C1DB59092A0C225100197E80 /* Test Driven Development in iOS Using SwiftTests */,
				C1DB59132A0C225200197E80 /* Test Driven Development in iOS Using SwiftUITests */,
			);
		};
/* End PBXProject section */

/* Begin PBXResourcesBuildPhase section */
		C1DB58F82A0C225100197E80 /* Resources */ = {
			isa = PBXResourcesBuildPhase;
			buildActionMask = 2147483647;
			files = (
				C1DB59052A0C225100197E80 /* Preview Assets.xcassets in Resources */,
				C1DB59022A0C225100197E80 /* Assets.xcassets in Resources */,
			);
			runOnlyForDeploymentPostprocessing = 0;
		};
		C1DB59082A0C225100197E80 /* Resources */ = {
			isa = PBXResourcesBuildPhase;
			buildActionMask = 2147483647;
			files = (
			);
			runOnlyForDeploymentPostprocessing = 0;
		};
		C1DB59122A0C225200197E80 /* Resources */ = {
			isa = PBXResourcesBuildPhase;
			buildActionMask = 2147483647;
			files = (
			);
			runOnlyForDeploymentPostprocessing = 0;
		};
/* End PBXResourcesBuildPhase section */

/* Begin PBXSourcesBuildPhase section */
		C1DB58F62A0C225100197E80 /* Sources */ = {
			isa = PBXSourcesBuildPhase;
			buildActionMask = 2147483647;
			files = (
				C1DB59002A0C225100197E80 /* ContentView.swift in Sources */,
				C1DB58FE2A0C225100197E80 /* Test_Driven_Development_in_iOS_Using_SwiftApp.swift in Sources */,
			);
			runOnlyForDeploymentPostprocessing = 0;
		};
		C1DB59062A0C225100197E80 /* Sources */ = {
			isa = PBXSourcesBuildPhase;
			buildActionMask = 2147483647;
			files = (
				C1DB590F2A0C225100197E80 /* Test_Driven_Development_in_iOS_Using_SwiftTests.swift in Sources */,
			);
			runOnlyForDeploymentPostprocessing = 0;
		};
		C1DB59102A0C225200197E80 /* Sources */ = {
			isa = PBXSourcesBuildPhase;
			buildActionMask = 2147483647;
			files = (
				C1DB591B2A0C225200197E80 /* Test_Driven_Development_in_iOS_Using_SwiftUITestsLaunchTests.swift in Sources */,
				C1DB59192A0C225200197E80 /* Test_Driven_Development_in_iOS_Using_SwiftUITests.swift in Sources */,
			);
			runOnlyForDeploymentPostprocessing = 0;
		};
/* End PBXSourcesBuildPhase section */

/* Begin PBXTargetDependency section */
		C1DB590C2A0C225100197E80 /* PBXTargetDependency */ = {
			isa = PBXTargetDependency;
			target = C1DB58F92A0C225100197E80 /* Test Driven Development in iOS Using Swift */;
			targetProxy = C1DB590B2A0C225100197E80 /* PBXContainerItemProxy */;
		};
		C1DB59162A0C225200197E80 /* PBXTargetDependency */ = {
			isa = PBXTargetDependency;
			target = C1DB58F92A0C225100197E80 /* Test Driven Development in iOS Using Swift */;
			targetProxy = C1DB59152A0C225200197E80 /* PBXContainerItemProxy */;
		};
/* End PBXTargetDependency section */

/* Begin XCBuildConfiguration section */
		C1DB591C2A0C225200197E80 /* Debug */ = {
			isa = XCBuildConfiguration;
			buildSettings = {
				ALWAYS_SEARCH_USER_PATHS = NO;
				CLANG_ANALYZER_NONNULL = YES;
				CLANG_ANALYZER_NUMBER_OBJECT_CONVERSION = YES_AGGRESSIVE;
				CLANG_CXX_LANGUAGE_STANDARD = "gnu++20";
				CLANG_ENABLE_MODULES = YES;
				CLANG_ENABLE_OBJC_ARC = YES;
				CLANG_ENABLE_OBJC_WEAK = YES;
				CLANG_WARN_BLOCK_CAPTURE_AUTORELEASING = YES;
				CLANG_WARN_BOOL_CONVERSION = YES;
				CLANG_WARN_COMMA = YES;
				CLANG_WARN_CONSTANT_CONVERSION = YES;
				CLANG_WARN_DEPRECATED_OBJC_IMPLEMENTATIONS = YES;
				CLANG_WARN_DIRECT_OBJC_ISA_USAGE = YES_ERROR;
				CLANG_WARN_DOCUMENTATION_COMMENTS = YES;
				CLANG_WARN_EMPTY_BODY = YES;
				CLANG_WARN_ENUM_CONVERSION = YES;
				CLANG_WARN_INFINITE_RECURSION = YES;
				CLANG_WARN_INT_CONVERSION = YES;
				CLANG_WARN_NON_LITERAL_NULL_CONVERSION = YES;
				CLANG_WARN_OBJC_IMPLICIT_RETAIN_SELF = YES;
				CLANG_WARN_OBJC_LITERAL_CONVERSION = YES;
				CLANG_WARN_OBJC_ROOT_CLASS = YES_ERROR;
				CLANG_WARN_QUOTED_INCLUDE_IN_FRAMEWORK_HEADER = YES;
				CLANG_WARN_RANGE_LOOP_ANALYSIS = YES;
				CLANG_WARN_STRICT_PROTOTYPES = YES;
				CLANG_WARN_SUSPICIOUS_MOVE = YES;
				CLANG_WARN_UNGUARDED_AVAILABILITY = YES_AGGRESSIVE;
				CLANG_WARN_UNREACHABLE_CODE = YES;
				CLANG_WARN__DUPLICATE_METHOD_MATCH = YES;
				COPY_PHASE_STRIP = NO;
				DEBUG_INFORMATION_FORMAT = dwarf;
				ENABLE_STRICT_OBJC_MSGSEND = YES;
				ENABLE_TESTABILITY = YES;
				GCC_C_LANGUAGE_STANDARD = gnu11;
				GCC_DYNAMIC_NO_PIC = NO;
				GCC_NO_COMMON_BLOCKS = YES;
				GCC_OPTIMIZATION_LEVEL = 0;
				GCC_PREPROCESSOR_DEFINITIONS = (
					"DEBUG=1",
					"$(inherited)",
				);
				GCC_WARN_64_TO_32_BIT_CONVERSION = YES;
				GCC_WARN_ABOUT_RETURN_TYPE = YES_ERROR;
				GCC_WARN_UNDECLARED_SELECTOR = YES;
				GCC_WARN_UNINITIALIZED_AUTOS = YES_AGGRESSIVE;
				GCC_WARN_UNUSED_FUNCTION = YES;
				GCC_WARN_UNUSED_VARIABLE = YES;
				IPHONEOS_DEPLOYMENT_TARGET = 16.4;
				MTL_ENABLE_DEBUG_INFO = INCLUDE_SOURCE;
				MTL_FAST_MATH = YES;
				ONLY_ACTIVE_ARCH = YES;
				SDKROOT = iphoneos;
				SWIFT_ACTIVE_COMPILATION_CONDITIONS = DEBUG;
				SWIFT_OPTIMIZATION_LEVEL = "-Onone";
			};
			name = Debug;
		};
		C1DB591D2A0C225200197E80 /* Release */ = {
			isa = XCBuildConfiguration;
			buildSettings = {
				ALWAYS_SEARCH_USER_PATHS = NO;
				CLANG_ANALYZER_NONNULL = YES;
				CLANG_ANALYZER_NUMBER_OBJECT_CONVERSION = YES_AGGRESSIVE;
				CLANG_CXX_LANGUAGE_STANDARD = "gnu++20";
				CLANG_ENABLE_MODULES = YES;
				CLANG_ENABLE_OBJC_ARC = YES;
				CLANG_ENABLE_OBJC_WEAK = YES;
				CLANG_WARN_BLOCK_CAPTURE_AUTORELEASING = YES;
				CLANG_WARN_BOOL_CONVERSION = YES;
				CLANG_WARN_COMMA = YES;
				CLANG_WARN_CONSTANT_CONVERSION = YES;
				CLANG_WARN_DEPRECATED_OBJC_IMPLEMENTATIONS = YES;
				CLANG_WARN_DIRECT_OBJC_ISA_USAGE = YES_ERROR;
				CLANG_WARN_DOCUMENTATION_COMMENTS = YES;
				CLANG_WARN_EMPTY_BODY = YES;
				CLANG_WARN_ENUM_CONVERSION = YES;
				CLANG_WARN_INFINITE_RECURSION = YES;
				CLANG_WARN_INT_CONVERSION = YES;
				CLANG_WARN_NON_LITERAL_NULL_CONVERSION = YES;
				CLANG_WARN_OBJC_IMPLICIT_RETAIN_SELF = YES;
				CLANG_WARN_OBJC_LITERAL_CONVERSION = YES;
				CLANG_WARN_OBJC_ROOT_CLASS = YES_ERROR;
				CLANG_WARN_QUOTED_INCLUDE_IN_FRAMEWORK_HEADER = YES;
				CLANG_WARN_RANGE_LOOP_ANALYSIS = YES;
				CLANG_WARN_STRICT_PROTOTYPES = YES;
				CLANG_WARN_SUSPICIOUS_MOVE = YES;
				CLANG_WARN_UNGUARDED_AVAILABILITY = YES_AGGRESSIVE;
				CLANG_WARN_UNREACHABLE_CODE = YES;
				CLANG_WARN__DUPLICATE_METHOD_MATCH = YES;
				COPY_PHASE_STRIP = NO;
				DEBUG_INFORMATION_FORMAT = "dwarf-with-dsym";
				ENABLE_NS_ASSERTIONS = NO;
				ENABLE_STRICT_OBJC_MSGSEND = YES;
				GCC_C_LANGUAGE_STANDARD = gnu11;
				GCC_NO_COMMON_BLOCKS = YES;
				GCC_WARN_64_TO_32_BIT_CONVERSION = YES;
				GCC_WARN_ABOUT_RETURN_TYPE = YES_ERROR;
				GCC_WARN_UNDECLARED_SELECTOR = YES;
				GCC_WARN_UNINITIALIZED_AUTOS = YES_AGGRESSIVE;
				GCC_WARN_UNUSED_FUNCTION = YES;
				GCC_WARN_UNUSED_VARIABLE = YES;
				IPHONEOS_DEPLOYMENT_TARGET = 16.4;
				MTL_ENABLE_DEBUG_INFO = NO;
				MTL_FAST_MATH = YES;
				SDKROOT = iphoneos;
				SWIFT_COMPILATION_MODE = wholemodule;
				SWIFT_OPTIMIZATION_LEVEL = "-O";
				VALIDATE_PRODUCT = YES;
			};
			name = Release;
		};
		C1DB591F2A0C225200197E80 /* Debug */ = {
			isa = XCBuildConfiguration;
			buildSettings = {
				ASSETCATALOG_COMPILER_APPICON_NAME = AppIcon;
				ASSETCATALOG_COMPILER_GLOBAL_ACCENT_COLOR_NAME = AccentColor;
				CODE_SIGN_STYLE = Automatic;
				CURRENT_PROJECT_VERSION = 1;
				DEVELOPMENT_ASSET_PATHS = "\"Test Driven Development in iOS Using Swift/Preview Content\"";
				DEVELOPMENT_TEAM = QQ6QSKRB6L;
				ENABLE_PREVIEWS = YES;
				GENERATE_INFOPLIST_FILE = YES;
				INFOPLIST_KEY_UIApplicationSceneManifest_Generation = YES;
				INFOPLIST_KEY_UIApplicationSupportsIndirectInputEvents = YES;
				INFOPLIST_KEY_UILaunchScreen_Generation = YES;
				INFOPLIST_KEY_UISupportedInterfaceOrientations_iPad = "UIInterfaceOrientationPortrait UIInterfaceOrientationPortraitUpsideDown UIInterfaceOrientationLandscapeLeft UIInterfaceOrientationLandscapeRight";
				INFOPLIST_KEY_UISupportedInterfaceOrientations_iPhone = "UIInterfaceOrientationPortrait UIInterfaceOrientationLandscapeLeft UIInterfaceOrientationLandscapeRight";
				LD_RUNPATH_SEARCH_PATHS = (
					"$(inherited)",
					"@executable_path/Frameworks",
				);
				MARKETING_VERSION = 1.0;
				PRODUCT_BUNDLE_IDENTIFIER = "com.hugosilvag6.Test-Driven-Development-in-iOS-Using-Swift";
				PRODUCT_NAME = "$(TARGET_NAME)";
				SWIFT_EMIT_LOC_STRINGS = YES;
				SWIFT_VERSION = 5.0;
				TARGETED_DEVICE_FAMILY = "1,2";
			};
			name = Debug;
		};
		C1DB59202A0C225200197E80 /* Release */ = {
			isa = XCBuildConfiguration;
			buildSettings = {
				ASSETCATALOG_COMPILER_APPICON_NAME = AppIcon;
				ASSETCATALOG_COMPILER_GLOBAL_ACCENT_COLOR_NAME = AccentColor;
				CODE_SIGN_STYLE = Automatic;
				CURRENT_PROJECT_VERSION = 1;
				DEVELOPMENT_ASSET_PATHS = "\"Test Driven Development in iOS Using Swift/Preview Content\"";
				DEVELOPMENT_TEAM = QQ6QSKRB6L;
				ENABLE_PREVIEWS = YES;
				GENERATE_INFOPLIST_FILE = YES;
				INFOPLIST_KEY_UIApplicationSceneManifest_Generation = YES;
				INFOPLIST_KEY_UIApplicationSupportsIndirectInputEvents = YES;
				INFOPLIST_KEY_UILaunchScreen_Generation = YES;
				INFOPLIST_KEY_UISupportedInterfaceOrientations_iPad = "UIInterfaceOrientationPortrait UIInterfaceOrientationPortraitUpsideDown UIInterfaceOrientationLandscapeLeft UIInterfaceOrientationLandscapeRight";
				INFOPLIST_KEY_UISupportedInterfaceOrientations_iPhone = "UIInterfaceOrientationPortrait UIInterfaceOrientationLandscapeLeft UIInterfaceOrientationLandscapeRight";
				LD_RUNPATH_SEARCH_PATHS = (
					"$(inherited)",
					"@executable_path/Frameworks",
				);
				MARKETING_VERSION = 1.0;
				PRODUCT_BUNDLE_IDENTIFIER = "com.hugosilvag6.Test-Driven-Development-in-iOS-Using-Swift";
				PRODUCT_NAME = "$(TARGET_NAME)";
				SWIFT_EMIT_LOC_STRINGS = YES;
				SWIFT_VERSION = 5.0;
				TARGETED_DEVICE_FAMILY = "1,2";
			};
			name = Release;
		};
		C1DB59222A0C225200197E80 /* Debug */ = {
			isa = XCBuildConfiguration;
			buildSettings = {
				ALWAYS_EMBED_SWIFT_STANDARD_LIBRARIES = YES;
				BUNDLE_LOADER = "$(TEST_HOST)";
				CODE_SIGN_STYLE = Automatic;
				CURRENT_PROJECT_VERSION = 1;
				DEVELOPMENT_TEAM = QQ6QSKRB6L;
				GENERATE_INFOPLIST_FILE = YES;
				IPHONEOS_DEPLOYMENT_TARGET = 16.4;
				MARKETING_VERSION = 1.0;
				PRODUCT_BUNDLE_IDENTIFIER = "com.hugosilvag6.Test-Driven-Development-in-iOS-Using-SwiftTests";
				PRODUCT_NAME = "$(TARGET_NAME)";
				SWIFT_EMIT_LOC_STRINGS = NO;
				SWIFT_VERSION = 5.0;
				TARGETED_DEVICE_FAMILY = "1,2";
				TEST_HOST = "$(BUILT_PRODUCTS_DIR)/Test Driven Development in iOS Using Swift.app/$(BUNDLE_EXECUTABLE_FOLDER_PATH)/Test Driven Development in iOS Using Swift";
			};
			name = Debug;
		};
		C1DB59232A0C225200197E80 /* Release */ = {
			isa = XCBuildConfiguration;
			buildSettings = {
				ALWAYS_EMBED_SWIFT_STANDARD_LIBRARIES = YES;
				BUNDLE_LOADER = "$(TEST_HOST)";
				CODE_SIGN_STYLE = Automatic;
				CURRENT_PROJECT_VERSION = 1;
				DEVELOPMENT_TEAM = QQ6QSKRB6L;
				GENERATE_INFOPLIST_FILE = YES;
				IPHONEOS_DEPLOYMENT_TARGET = 16.4;
				MARKETING_VERSION = 1.0;
				PRODUCT_BUNDLE_IDENTIFIER = "com.hugosilvag6.Test-Driven-Development-in-iOS-Using-SwiftTests";
				PRODUCT_NAME = "$(TARGET_NAME)";
				SWIFT_EMIT_LOC_STRINGS = NO;
				SWIFT_VERSION = 5.0;
				TARGETED_DEVICE_FAMILY = "1,2";
				TEST_HOST = "$(BUILT_PRODUCTS_DIR)/Test Driven Development in iOS Using Swift.app/$(BUNDLE_EXECUTABLE_FOLDER_PATH)/Test Driven Development in iOS Using Swift";
			};
			name = Release;
		};
		C1DB59252A0C225200197E80 /* Debug */ = {
			isa = XCBuildConfiguration;
			buildSettings = {
				ALWAYS_EMBED_SWIFT_STANDARD_LIBRARIES = YES;
				CODE_SIGN_STYLE = Automatic;
				CURRENT_PROJECT_VERSION = 1;
				DEVELOPMENT_TEAM = QQ6QSKRB6L;
				GENERATE_INFOPLIST_FILE = YES;
				MARKETING_VERSION = 1.0;
				PRODUCT_BUNDLE_IDENTIFIER = "com.hugosilvag6.Test-Driven-Development-in-iOS-Using-SwiftUITests";
				PRODUCT_NAME = "$(TARGET_NAME)";
				SWIFT_EMIT_LOC_STRINGS = NO;
				SWIFT_VERSION = 5.0;
				TARGETED_DEVICE_FAMILY = "1,2";
				TEST_TARGET_NAME = "Test Driven Development in iOS Using Swift";
			};
			name = Debug;
		};
		C1DB59262A0C225200197E80 /* Release */ = {
			isa = XCBuildConfiguration;
			buildSettings = {
				ALWAYS_EMBED_SWIFT_STANDARD_LIBRARIES = YES;
				CODE_SIGN_STYLE = Automatic;
				CURRENT_PROJECT_VERSION = 1;
				DEVELOPMENT_TEAM = QQ6QSKRB6L;
				GENERATE_INFOPLIST_FILE = YES;
				MARKETING_VERSION = 1.0;
				PRODUCT_BUNDLE_IDENTIFIER = "com.hugosilvag6.Test-Driven-Development-in-iOS-Using-SwiftUITests";
				PRODUCT_NAME = "$(TARGET_NAME)";
				SWIFT_EMIT_LOC_STRINGS = NO;
				SWIFT_VERSION = 5.0;
				TARGETED_DEVICE_FAMILY = "1,2";
				TEST_TARGET_NAME = "Test Driven Development in iOS Using Swift";
			};
			name = Release;
		};
/* End XCBuildConfiguration section */

/* Begin XCConfigurationList section */
		C1DB58F52A0C225100197E80 /* Build configuration list for PBXProject "Test Driven Development in iOS Using Swift" */ = {
			isa = XCConfigurationList;
			buildConfigurations = (
				C1DB591C2A0C225200197E80 /* Debug */,
				C1DB591D2A0C225200197E80 /* Release */,
			);
			defaultConfigurationIsVisible = 0;
			defaultConfigurationName = Release;
		};
		C1DB591E2A0C225200197E80 /* Build configuration list for PBXNativeTarget "Test Driven Development in iOS Using Swift" */ = {
			isa = XCConfigurationList;
			buildConfigurations = (
				C1DB591F2A0C225200197E80 /* Debug */,
				C1DB59202A0C225200197E80 /* Release */,
			);
			defaultConfigurationIsVisible = 0;
			defaultConfigurationName = Release;
		};
		C1DB59212A0C225200197E80 /* Build configuration list for PBXNativeTarget "Test Driven Development in iOS Using SwiftTests" */ = {
			isa = XCConfigurationList;
			buildConfigurations = (
				C1DB59222A0C225200197E80 /* Debug */,
				C1DB59232A0C225200197E80 /* Release */,
			);
			defaultConfigurationIsVisible = 0;
			defaultConfigurationName = Release;
		};
		C1DB59242A0C225200197E80 /* Build configuration list for PBXNativeTarget "Test Driven Development in iOS Using SwiftUITests" */ = {
			isa = XCConfigurationList;
			buildConfigurations = (
				C1DB59252A0C225200197E80 /* Debug */,
				C1DB59262A0C225200197E80 /* Release */,
			);
			defaultConfigurationIsVisible = 0;
			defaultConfigurationName = Release;
		};
/* End XCConfigurationList section */
	};
	rootObject = C1DB58F22A0C225100197E80 /* Project object */;
}
